
Microsoft Visual Studio Solution File, Format Version 11.00
# Visual Studio 2010
# SharpDevelop 5.1
Project("{FAE04EC0-301F-11D3-BF4B-00C04F79EFBC}") = "AplikasiRekapNilai", "AplikasiRekapNilai\AplikasiRekapNilai.csproj", "{433AE25B-5077-4D57-9E7E-CFA532DBB94E}"
EndProject
Global
	GlobalSection(SolutionConfigurationPlatforms) = preSolution
		Debug|Any CPU = Debug|Any CPU
		Release|Any CPU = Release|Any CPU
	EndGlobalSection
	GlobalSection(ProjectConfigurationPlatforms) = postSolution
		{433AE25B-5077-4D57-9E7E-CFA532DBB94E}.Debug|Any CPU.ActiveCfg = Debug|Any CPU
		{433AE25B-5077-4D57-9E7E-CFA532DBB94E}.Debug|Any CPU.Build.0 = Debug|Any CPU
		{433AE25B-5077-4D57-9E7E-CFA532DBB94E}.Release|Any CPU.ActiveCfg = Release|Any CPU
		{433AE25B-5077-4D57-9E7E-CFA532DBB94E}.Release|Any CPU.Build.0 = Release|Any CPU
	EndGlobalSection
EndGlobal
